// !$*UTF8*$!
{
	archiveVersion = 1;
	classes = {
	};
	objectVersion = 48;
	objects = {

/* Begin PBXBuildFile section */
		8E161B3F1FBD7AF900465DB0 /* AppDelegate.m in Sources */ = {isa = PBXBuildFile; fileRef = 8E161B3E1FBD7AF900465DB0 /* AppDelegate.m */; };
		8E161B421FBD7AF900465DB0 /* ViewController.m in Sources */ = {isa = PBXBuildFile; fileRef = 8E161B411FBD7AF900465DB0 /* ViewController.m */; };
		8E161B451FBD7AF900465DB0 /* Main.storyboard in Resources */ = {isa = PBXBuildFile; fileRef = 8E161B431FBD7AF900465DB0 /* Main.storyboard */; };
		8E161B471FBD7AF900465DB0 /* Assets.xcassets in Resources */ = {isa = PBXBuildFile; fileRef = 8E161B461FBD7AF900465DB0 /* Assets.xcassets */; };
		8E161B4A1FBD7AF900465DB0 /* LaunchScreen.storyboard in Resources */ = {isa = PBXBuildFile; fileRef = 8E161B481FBD7AF900465DB0 /* LaunchScreen.storyboard */; };
		8E161B4D1FBD7AF900465DB0 /* main.m in Sources */ = {isa = PBXBuildFile; fileRef = 8E161B4C1FBD7AF900465DB0 /* main.m */; };
		8E161B571FBD7AF900465DB0 /* STFilterViewDemoTests.m in Sources */ = {isa = PBXBuildFile; fileRef = 8E161B561FBD7AF900465DB0 /* STFilterViewDemoTests.m */; };
		8E161B621FBD7AF900465DB0 /* STFilterViewDemoUITests.m in Sources */ = {isa = PBXBuildFile; fileRef = 8E161B611FBD7AF900465DB0 /* STFilterViewDemoUITests.m */; };
		8E161B721FBD7B2000465DB0 /* STFitlerView.m in Sources */ = {isa = PBXBuildFile; fileRef = 8E161B711FBD7B2000465DB0 /* STFitlerView.m */; };
/* End PBXBuildFile section */

/* Begin PBXContainerItemProxy section */
		8E161B531FBD7AF900465DB0 /* PBXContainerItemProxy */ = {
			isa = PBXContainerItemProxy;
			containerPortal = 8E161B321FBD7AF900465DB0 /* Project object */;
			proxyType = 1;
			remoteGlobalIDString = 8E161B391FBD7AF900465DB0;
			remoteInfo = STFilterViewDemo;
		};
		8E161B5E1FBD7AF900465DB0 /* PBXContainerItemProxy */ = {
			isa = PBXContainerItemProxy;
			containerPortal = 8E161B321FBD7AF900465DB0 /* Project object */;
			proxyType = 1;
			remoteGlobalIDString = 8E161B391FBD7AF900465DB0;
			remoteInfo = STFilterViewDemo;
		};
/* End PBXContainerItemProxy section */

/* Begin PBXFileReference section */
		8E161B3A1FBD7AF900465DB0 /* STFilterViewDemo.app */ = {isa = PBXFileReference; explicitFileType = wrapper.application; includeInIndex = 0; path = STFilterViewDemo.app; sourceTree = BUILT_PRODUCTS_DIR; };
		8E161B3D1FBD7AF900465DB0 /* AppDelegate.h */ = {isa = PBXFileReference; lastKnownFileType = sourcecode.c.h; path = AppDelegate.h; sourceTree = "<group>"; };
		8E161B3E1FBD7AF900465DB0 /* AppDelegate.m */ = {isa = PBXFileReference; lastKnownFileType = sourcecode.c.objc; path = AppDelegate.m; sourceTree = "<group>"; };
		8E161B401FBD7AF900465DB0 /* ViewController.h */ = {isa = PBXFileReference; lastKnownFileType = sourcecode.c.h; path = ViewController.h; sourceTree = "<group>"; };
		8E161B411FBD7AF900465DB0 /* ViewController.m */ = {isa = PBXFileReference; lastKnownFileType = sourcecode.c.objc; path = ViewController.m; sourceTree = "<group>"; };
		8E161B441FBD7AF900465DB0 /* Base */ = {isa = PBXFileReference; lastKnownFileType = file.storyboard; name = Base; path = Base.lproj/Main.storyboard; sourceTree = "<group>"; };
		8E161B461FBD7AF900465DB0 /* Assets.xcassets */ = {isa = PBXFileReference; lastKnownFileType = folder.assetcatalog; path = Assets.xcassets; sourceTree = "<group>"; };
		8E161B491FBD7AF900465DB0 /* Base */ = {isa = PBXFileReference; lastKnownFileType = file.storyboard; name = Base; path = Base.lproj/LaunchScreen.storyboard; sourceTree = "<group>"; };
		8E161B4B1FBD7AF900465DB0 /* Info.plist */ = {isa = PBXFileReference; lastKnownFileType = text.plist.xml; path = Info.plist; sourceTree = "<group>"; };
		8E161B4C1FBD7AF900465DB0 /* main.m */ = {isa = PBXFileReference; lastKnownFileType = sourcecode.c.objc; path = main.m; sourceTree = "<group>"; };
		8E161B521FBD7AF900465DB0 /* STFilterViewDemoTests.xctest */ = {isa = PBXFileReference; explicitFileType = wrapper.cfbundle; includeInIndex = 0; path = STFilterViewDemoTests.xctest; sourceTree = BUILT_PRODUCTS_DIR; };
		8E161B561FBD7AF900465DB0 /* STFilterViewDemoTests.m */ = {isa = PBXFileReference; lastKnownFileType = sourcecode.c.objc; path = STFilterViewDemoTests.m; sourceTree = "<group>"; };
		8E161B581FBD7AF900465DB0 /* Info.plist */ = {isa = PBXFileReference; lastKnownFileType = text.plist.xml; path = Info.plist; sourceTree = "<group>"; };
		8E161B5D1FBD7AF900465DB0 /* STFilterViewDemoUITests.xctest */ = {isa = PBXFileReference; explicitFileType = wrapper.cfbundle; includeInIndex = 0; path = STFilterViewDemoUITests.xctest; sourceTree = BUILT_PRODUCTS_DIR; };
		8E161B611FBD7AF900465DB0 /* STFilterViewDemoUITests.m */ = {isa = PBXFileReference; lastKnownFileType = sourcecode.c.objc; path = STFilterViewDemoUITests.m; sourceTree = "<group>"; };
		8E161B631FBD7AF900465DB0 /* Info.plist */ = {isa = PBXFileReference; lastKnownFileType = text.plist.xml; path = Info.plist; sourceTree = "<group>"; };
		8E161B701FBD7B2000465DB0 /* STFitlerView.h */ = {isa = PBXFileReference; fileEncoding = 4; lastKnownFileType = sourcecode.c.h; path = STFitlerView.h; sourceTree = "<group>"; };
		8E161B711FBD7B2000465DB0 /* STFitlerView.m */ = {isa = PBXFileReference; fileEncoding = 4; lastKnownFileType = sourcecode.c.objc; path = STFitlerView.m; sourceTree = "<group>"; };
/* End PBXFileReference section */

/* Begin PBXFrameworksBuildPhase section */
		8E161B371FBD7AF900465DB0 /* Frameworks */ = {
			isa = PBXFrameworksBuildPhase;
			buildActionMask = 2147483647;
			files = (
			);
			runOnlyForDeploymentPostprocessing = 0;
		};
		8E161B4F1FBD7AF900465DB0 /* Frameworks */ = {
			isa = PBXFrameworksBuildPhase;
			buildActionMask = 2147483647;
			files = (
			);
			runOnlyForDeploymentPostprocessing = 0;
		};
		8E161B5A1FBD7AF900465DB0 /* Frameworks */ = {
			isa = PBXFrameworksBuildPhase;
			buildActionMask = 2147483647;
			files = (
			);
			runOnlyForDeploymentPostprocessing = 0;
		};
/* End PBXFrameworksBuildPhase section */

/* Begin PBXGroup section */
		8E161B311FBD7AF900465DB0 = {
			isa = PBXGroup;
			children = (
				8E161B3C1FBD7AF900465DB0 /* STFilterViewDemo */,
				8E161B551FBD7AF900465DB0 /* STFilterViewDemoTests */,
				8E161B601FBD7AF900465DB0 /* STFilterViewDemoUITests */,
				8E161B3B1FBD7AF900465DB0 /* Products */,
			);
			sourceTree = "<group>";
		};
		8E161B3B1FBD7AF900465DB0 /* Products */ = {
			isa = PBXGroup;
			children = (
				8E161B3A1FBD7AF900465DB0 /* STFilterViewDemo.app */,
				8E161B521FBD7AF900465DB0 /* STFilterViewDemoTests.xctest */,
				8E161B5D1FBD7AF900465DB0 /* STFilterViewDemoUITests.xctest */,
			);
			name = Products;
			sourceTree = "<group>";
		};
		8E161B3C1FBD7AF900465DB0 /* STFilterViewDemo */ = {
			isa = PBXGroup;
			children = (
				8E161B6F1FBD7B2000465DB0 /* STFitlerView */,
				8E161B3D1FBD7AF900465DB0 /* AppDelegate.h */,
				8E161B3E1FBD7AF900465DB0 /* AppDelegate.m */,
				8E161B401FBD7AF900465DB0 /* ViewController.h */,
				8E161B411FBD7AF900465DB0 /* ViewController.m */,
				8E161B431FBD7AF900465DB0 /* Main.storyboard */,
				8E161B461FBD7AF900465DB0 /* Assets.xcassets */,
				8E161B481FBD7AF900465DB0 /* LaunchScreen.storyboard */,
				8E161B4B1FBD7AF900465DB0 /* Info.plist */,
				8E161B4C1FBD7AF900465DB0 /* main.m */,
			);
			path = STFilterViewDemo;
			sourceTree = "<group>";
		};
		8E161B551FBD7AF900465DB0 /* STFilterViewDemoTests */ = {
			isa = PBXGroup;
			children = (
				8E161B561FBD7AF900465DB0 /* STFilterViewDemoTests.m */,
				8E161B581FBD7AF900465DB0 /* Info.plist */,
			);
			path = STFilterViewDemoTests;
			sourceTree = "<group>";
		};
		8E161B601FBD7AF900465DB0 /* STFilterViewDemoUITests */ = {
			isa = PBXGroup;
			children = (
				8E161B611FBD7AF900465DB0 /* STFilterViewDemoUITests.m */,
				8E161B631FBD7AF900465DB0 /* Info.plist */,
			);
			path = STFilterViewDemoUITests;
			sourceTree = "<group>";
		};
		8E161B6F1FBD7B2000465DB0 /* STFitlerView */ = {
			isa = PBXGroup;
			children = (
				8E161B701FBD7B2000465DB0 /* STFitlerView.h */,
				8E161B711FBD7B2000465DB0 /* STFitlerView.m */,
			);
			path = STFitlerView;
			sourceTree = SOURCE_ROOT;
		};
/* End PBXGroup section */

/* Begin PBXNativeTarget section */
		8E161B391FBD7AF900465DB0 /* STFilterViewDemo */ = {
			isa = PBXNativeTarget;
			buildConfigurationList = 8E161B661FBD7AF900465DB0 /* Build configuration list for PBXNativeTarget "STFilterViewDemo" */;
			buildPhases = (
				8E161B361FBD7AF900465DB0 /* Sources */,
				8E161B371FBD7AF900465DB0 /* Frameworks */,
				8E161B381FBD7AF900465DB0 /* Resources */,
			);
			buildRules = (
			);
			dependencies = (
			);
			name = STFilterViewDemo;
			productName = STFilterViewDemo;
			productReference = 8E161B3A1FBD7AF900465DB0 /* STFilterViewDemo.app */;
			productType = "com.apple.product-type.application";
		};
		8E161B511FBD7AF900465DB0 /* STFilterViewDemoTests */ = {
			isa = PBXNativeTarget;
			buildConfigurationList = 8E161B691FBD7AF900465DB0 /* Build configuration list for PBXNativeTarget "STFilterViewDemoTests" */;
			buildPhases = (
				8E161B4E1FBD7AF900465DB0 /* Sources */,
				8E161B4F1FBD7AF900465DB0 /* Frameworks */,
				8E161B501FBD7AF900465DB0 /* Resources */,
			);
			buildRules = (
			);
			dependencies = (
				8E161B541FBD7AF900465DB0 /* PBXTargetDependency */,
			);
			name = STFilterViewDemoTests;
			productName = STFilterViewDemoTests;
			productReference = 8E161B521FBD7AF900465DB0 /* STFilterViewDemoTests.xctest */;
			productType = "com.apple.product-type.bundle.unit-test";
		};
		8E161B5C1FBD7AF900465DB0 /* STFilterViewDemoUITests */ = {
			isa = PBXNativeTarget;
			buildConfigurationList = 8E161B6C1FBD7AF900465DB0 /* Build configuration list for PBXNativeTarget "STFilterViewDemoUITests" */;
			buildPhases = (
				8E161B591FBD7AF900465DB0 /* Sources */,
				8E161B5A1FBD7AF900465DB0 /* Frameworks */,
				8E161B5B1FBD7AF900465DB0 /* Resources */,
			);
			buildRules = (
			);
			dependencies = (
				8E161B5F1FBD7AF900465DB0 /* PBXTargetDependency */,
			);
			name = STFilterViewDemoUITests;
			productName = STFilterViewDemoUITests;
			productReference = 8E161B5D1FBD7AF900465DB0 /* STFilterViewDemoUITests.xctest */;
			productType = "com.apple.product-type.bundle.ui-testing";
		};
/* End PBXNativeTarget section */

/* Begin PBXProject section */
		8E161B321FBD7AF900465DB0 /* Project object */ = {
			isa = PBXProject;
			attributes = {
				LastUpgradeCheck = 0900;
				ORGANIZATIONNAME = "石函东";
				TargetAttributes = {
					8E161B391FBD7AF900465DB0 = {
						CreatedOnToolsVersion = 9.0.1;
						ProvisioningStyle = Automatic;
					};
					8E161B511FBD7AF900465DB0 = {
						CreatedOnToolsVersion = 9.0.1;
						ProvisioningStyle = Automatic;
						TestTargetID = 8E161B391FBD7AF900465DB0;
					};
					8E161B5C1FBD7AF900465DB0 = {
						CreatedOnToolsVersion = 9.0.1;
						ProvisioningStyle = Automatic;
						TestTargetID = 8E161B391FBD7AF900465DB0;
					};
				};
			};
			buildConfigurationList = 8E161B351FBD7AF900465DB0 /* Build configuration list for PBXProject "STFilterViewDemo" */;
			compatibilityVersion = "Xcode 8.0";
			developmentRegion = en;
			hasScannedForEncodings = 0;
			knownRegions = (
				en,
				Base,
			);
			mainGroup = 8E161B311FBD7AF900465DB0;
			productRefGroup = 8E161B3B1FBD7AF900465DB0 /* Products */;
			projectDirPath = "";
			projectRoot = "";
			targets = (
				8E161B391FBD7AF900465DB0 /* STFilterViewDemo */,
				8E161B511FBD7AF900465DB0 /* STFilterViewDemoTests */,
				8E161B5C1FBD7AF900465DB0 /* STFilterViewDemoUITests */,
			);
		};
/* End PBXProject section */

/* Begin PBXResourcesBuildPhase section */
		8E161B381FBD7AF900465DB0 /* Resources */ = {
			isa = PBXResourcesBuildPhase;
			buildActionMask = 2147483647;
			files = (
				8E161B4A1FBD7AF900465DB0 /* LaunchScreen.storyboard in Resources */,
				8E161B471FBD7AF900465DB0 /* Assets.xcassets in Resources */,
				8E161B451FBD7AF900465DB0 /* Main.storyboard in Resources */,
			);
			runOnlyForDeploymentPostprocessing = 0;
		};
		8E161B501FBD7AF900465DB0 /* Resources */ = {
			isa = PBXResourcesBuildPhase;
			buildActionMask = 2147483647;
			files = (
			);
			runOnlyForDeploymentPostprocessing = 0;
		};
		8E161B5B1FBD7AF900465DB0 /* Resources */ = {
			isa = PBXResourcesBuildPhase;
			buildActionMask = 2147483647;
			files = (
			);
			runOnlyForDeploymentPostprocessing = 0;
		};
/* End PBXResourcesBuildPhase section */

/* Begin PBXSourcesBuildPhase section */
		8E161B361FBD7AF900465DB0 /* Sources */ = {
			isa = PBXSourcesBuildPhase;
			buildActionMask = 2147483647;
			files = (
				8E161B421FBD7AF900465DB0 /* ViewController.m in Sources */,
				8E161B721FBD7B2000465DB0 /* STFitlerView.m in Sources */,
				8E161B4D1FBD7AF900465DB0 /* main.m in Sources */,
				8E161B3F1FBD7AF900465DB0 /* AppDelegate.m in Sources */,
			);
			runOnlyForDeploymentPostprocessing = 0;
		};
		8E161B4E1FBD7AF900465DB0 /* Sources */ = {
			isa = PBXSourcesBuildPhase;
			buildActionMask = 2147483647;
			files = (
				8E161B571FBD7AF900465DB0 /* STFilterViewDemoTests.m in Sources */,
			);
			runOnlyForDeploymentPostprocessing = 0;
		};
		8E161B591FBD7AF900465DB0 /* Sources */ = {
			isa = PBXSourcesBuildPhase;
			buildActionMask = 2147483647;
			files = (
				8E161B621FBD7AF900465DB0 /* STFilterViewDemoUITests.m in Sources */,
			);
			runOnlyForDeploymentPostprocessing = 0;
		};
/* End PBXSourcesBuildPhase section */

/* Begin PBXTargetDependency section */
		8E161B541FBD7AF900465DB0 /* PBXTargetDependency */ = {
			isa = PBXTargetDependency;
			target = 8E161B391FBD7AF900465DB0 /* STFilterViewDemo */;
			targetProxy = 8E161B531FBD7AF900465DB0 /* PBXContainerItemProxy */;
		};
		8E161B5F1FBD7AF900465DB0 /* PBXTargetDependency */ = {
			isa = PBXTargetDependency;
			target = 8E161B391FBD7AF900465DB0 /* STFilterViewDemo */;
			targetProxy = 8E161B5E1FBD7AF900465DB0 /* PBXContainerItemProxy */;
		};
/* End PBXTargetDependency section */

/* Begin PBXVariantGroup section */
		8E161B431FBD7AF900465DB0 /* Main.storyboard */ = {
			isa = PBXVariantGroup;
			children = (
				8E161B441FBD7AF900465DB0 /* Base */,
			);
			name = Main.storyboard;
			sourceTree = "<group>";
		};
		8E161B481FBD7AF900465DB0 /* LaunchScreen.storyboard */ = {
			isa = PBXVariantGroup;
			children = (
				8E161B491FBD7AF900465DB0 /* Base */,
			);
			name = LaunchScreen.storyboard;
			sourceTree = "<group>";
		};
/* End PBXVariantGroup section */

/* Begin XCBuildConfiguration section */
		8E161B641FBD7AF900465DB0 /* Debug */ = {
			isa = XCBuildConfiguration;
			buildSettings = {
				ALWAYS_SEARCH_USER_PATHS = NO;
				CLANG_ANALYZER_NONNULL = YES;
				CLANG_ANALYZER_NUMBER_OBJECT_CONVERSION = YES_AGGRESSIVE;
				CLANG_CXX_LANGUAGE_STANDARD = "gnu++14";
				CLANG_CXX_LIBRARY = "libc++";
				CLANG_ENABLE_MODULES = YES;
				CLANG_ENABLE_OBJC_ARC = YES;
				CLANG_WARN_BLOCK_CAPTURE_AUTORELEASING = YES;
				CLANG_WARN_BOOL_CONVERSION = YES;
				CLANG_WARN_COMMA = YES;
				CLANG_WARN_CONSTANT_CONVERSION = YES;
				CLANG_WARN_DIRECT_OBJC_ISA_USAGE = YES_ERROR;
				CLANG_WARN_DOCUMENTATION_COMMENTS = YES;
				CLANG_WARN_EMPTY_BODY = YES;
				CLANG_WARN_ENUM_CONVERSION = YES;
				CLANG_WARN_INFINITE_RECURSION = YES;
				CLANG_WARN_INT_CONVERSION = YES;
				CLANG_WARN_NON_LITERAL_NULL_CONVERSION = YES;
				CLANG_WARN_OBJC_LITERAL_CONVERSION = YES;
				CLANG_WARN_OBJC_ROOT_CLASS = YES_ERROR;
				CLANG_WARN_RANGE_LOOP_ANALYSIS = YES;
				CLANG_WARN_STRICT_PROTOTYPES = YES;
				CLANG_WARN_SUSPICIOUS_MOVE = YES;
				CLANG_WARN_UNGUARDED_AVAILABILITY = YES_AGGRESSIVE;
				CLANG_WARN_UNREACHABLE_CODE = YES;
				CLANG_WARN__DUPLICATE_METHOD_MATCH = YES;
				CODE_SIGN_IDENTITY = "iPhone Developer";
				COPY_PHASE_STRIP = NO;
				DEBUG_INFORMATION_FORMAT = dwarf;
				ENABLE_STRICT_OBJC_MSGSEND = YES;
				ENABLE_TESTABILITY = YES;
				GCC_C_LANGUAGE_STANDARD = gnu11;
				GCC_DYNAMIC_NO_PIC = NO;
				GCC_NO_COMMON_BLOCKS = YES;
				GCC_OPTIMIZATION_LEVEL = 0;
				GCC_PREPROCESSOR_DEFINITIONS = (
					"DEBUG=1",
					"$(inherited)",
				);
				GCC_WARN_64_TO_32_BIT_CONVERSION = YES;
				GCC_WARN_ABOUT_RETURN_TYPE = YES_ERROR;
				GCC_WARN_UNDECLARED_SELECTOR = YES;
				GCC_WARN_UNINITIALIZED_AUTOS = YES_AGGRESSIVE;
				GCC_WARN_UNUSED_FUNCTION = YES;
				GCC_WARN_UNUSED_VARIABLE = YES;
				IPHONEOS_DEPLOYMENT_TARGET = 11.0;
				MTL_ENABLE_DEBUG_INFO = YES;
				ONLY_ACTIVE_ARCH = YES;
				SDKROOT = iphoneos;
			};
			name = Debug;
		};
		8E161B651FBD7AF900465DB0 /* Release */ = {
			isa = XCBuildConfiguration;
			buildSettings = {
				ALWAYS_SEARCH_USER_PATHS = NO;
				CLANG_ANALYZER_NONNULL = YES;
				CLANG_ANALYZER_NUMBER_OBJECT_CONVERSION = YES_AGGRESSIVE;
				CLANG_CXX_LANGUAGE_STANDARD = "gnu++14";
				CLANG_CXX_LIBRARY = "libc++";
				CLANG_ENABLE_MODULES = YES;
				CLANG_ENABLE_OBJC_ARC = YES;
				CLANG_WARN_BLOCK_CAPTURE_AUTORELEASING = YES;
				CLANG_WARN_BOOL_CONVERSION = YES;
				CLANG_WARN_COMMA = YES;
				CLANG_WARN_CONSTANT_CONVERSION = YES;
				CLANG_WARN_DIRECT_OBJC_ISA_USAGE = YES_ERROR;
				CLANG_WARN_DOCUMENTATION_COMMENTS = YES;
				CLANG_WARN_EMPTY_BODY = YES;
				CLANG_WARN_ENUM_CONVERSION = YES;
				CLANG_WARN_INFINITE_RECURSION = YES;
				CLANG_WARN_INT_CONVERSION = YES;
				CLANG_WARN_NON_LITERAL_NULL_CONVERSION = YES;
				CLANG_WARN_OBJC_LITERAL_CONVERSION = YES;
				CLANG_WARN_OBJC_ROOT_CLASS = YES_ERROR;
				CLANG_WARN_RANGE_LOOP_ANALYSIS = YES;
				CLANG_WARN_STRICT_PROTOTYPES = YES;
				CLANG_WARN_SUSPICIOUS_MOVE = YES;
				CLANG_WARN_UNGUARDED_AVAILABILITY = YES_AGGRESSIVE;
				CLANG_WARN_UNREACHABLE_CODE = YES;
				CLANG_WARN__DUPLICATE_METHOD_MATCH = YES;
				CODE_SIGN_IDENTITY = "iPhone Developer";
				COPY_PHASE_STRIP = NO;
				DEBUG_INFORMATION_FORMAT = "dwarf-with-dsym";
				ENABLE_NS_ASSERTIONS = NO;
				ENABLE_STRICT_OBJC_MSGSEND = YES;
				GCC_C_LANGUAGE_STANDARD = gnu11;
				GCC_NO_COMMON_BLOCKS = YES;
				GCC_WARN_64_TO_32_BIT_CONVERSION = YES;
				GCC_WARN_ABOUT_RETURN_TYPE = YES_ERROR;
				GCC_WARN_UNDECLARED_SELECTOR = YES;
				GCC_WARN_UNINITIALIZED_AUTOS = YES_AGGRESSIVE;
				GCC_WARN_UNUSED_FUNCTION = YES;
				GCC_WARN_UNUSED_VARIABLE = YES;
				IPHONEOS_DEPLOYMENT_TARGET = 11.0;
				MTL_ENABLE_DEBUG_INFO = NO;
				SDKROOT = iphoneos;
				VALIDATE_PRODUCT = YES;
			};
			name = Release;
		};
		8E161B671FBD7AF900465DB0 /* Debug */ = {
			isa = XCBuildConfiguration;
			buildSettings = {
				ASSETCATALOG_COMPILER_APPICON_NAME = AppIcon;
				CODE_SIGN_STYLE = Automatic;
				DEVELOPMENT_TEAM = 3G8D9ZSW4H;
				INFOPLIST_FILE = STFilterViewDemo/Info.plist;
				IPHONEOS_DEPLOYMENT_TARGET = 8.0;
				LD_RUNPATH_SEARCH_PATHS = "$(inherited) @executable_path/Frameworks";
				PRODUCT_BUNDLE_IDENTIFIER = com.huifenqi.brokerapps.STFilterViewDemo;
				PRODUCT_NAME = "$(TARGET_NAME)";
				TARGETED_DEVICE_FAMILY = "1,2";
			};
			name = Debug;
		};
		8E161B681FBD7AF900465DB0 /* Release */ = {
			isa = XCBuildConfiguration;
			buildSettings = {
				ASSETCATALOG_COMPILER_APPICON_NAME = AppIcon;
				CODE_SIGN_STYLE = Automatic;
				DEVELOPMENT_TEAM = 3G8D9ZSW4H;
				INFOPLIST_FILE = STFilterViewDemo/Info.plist;
				IPHONEOS_DEPLOYMENT_TARGET = 8.0;
				LD_RUNPATH_SEARCH_PATHS = "$(inherited) @executable_path/Frameworks";
				PRODUCT_BUNDLE_IDENTIFIER = com.huifenqi.brokerapps.STFilterViewDemo;
				PRODUCT_NAME = "$(TARGET_NAME)";
				TARGETED_DEVICE_FAMILY = "1,2";
			};
			name = Release;
		};
		8E161B6A1FBD7AF900465DB0 /* Debug */ = {
			isa = XCBuildConfiguration;
			buildSettings = {
				BUNDLE_LOADER = "$(TEST_HOST)";
				CODE_SIGN_STYLE = Automatic;
				DEVELOPMENT_TEAM = 3G8D9ZSW4H;
				INFOPLIST_FILE = STFilterViewDemoTests/Info.plist;
				LD_RUNPATH_SEARCH_PATHS = "$(inherited) @executable_path/Frameworks @loader_path/Frameworks";
				PRODUCT_BUNDLE_IDENTIFIER = com.huifenqi.brokerapps.STFilterViewDemoTests;
				PRODUCT_NAME = "$(TARGET_NAME)";
				TARGETED_DEVICE_FAMILY = "1,2";
				TEST_HOST = "$(BUILT_PRODUCTS_DIR)/STFilterViewDemo.app/STFilterViewDemo";
			};
			name = Debug;
		};
		8E161B6B1FBD7AF900465DB0 /* Release */ = {
			isa = XCBuildConfiguration;
			buildSettings = {
				BUNDLE_LOADER = "$(TEST_HOST)";
				CODE_SIGN_STYLE = Automatic;
				DEVELOPMENT_TEAM = 3G8D9ZSW4H;
				INFOPLIST_FILE = STFilterViewDemoTests/Info.plist;
				LD_RUNPATH_SEARCH_PATHS = "$(inherited) @executable_path/Frameworks @loader_path/Frameworks";
				PRODUCT_BUNDLE_IDENTIFIER = com.huifenqi.brokerapps.STFilterViewDemoTests;
				PRODUCT_NAME = "$(TARGET_NAME)";
				TARGETED_DEVICE_FAMILY = "1,2";
				TEST_HOST = "$(BUILT_PRODUCTS_DIR)/STFilterViewDemo.app/STFilterViewDemo";
			};
			name = Release;
		};
		8E161B6D1FBD7AF900465DB0 /* Debug */ = {
			isa = XCBuildConfiguration;
			buildSettings = {
				CODE_SIGN_STYLE = Automatic;
				DEVELOPMENT_TEAM = 3G8D9ZSW4H;
				INFOPLIST_FILE = STFilterViewDemoUITests/Info.plist;
				LD_RUNPATH_SEARCH_PATHS = "$(inherited) @executable_path/Frameworks @loader_path/Frameworks";
				PRODUCT_BUNDLE_IDENTIFIER = com.huifenqi.brokerapps.STFilterViewDemoUITests;
				PRODUCT_NAME = "$(TARGET_NAME)";
				TARGETED_DEVICE_FAMILY = "1,2";
				TEST_TARGET_NAME = STFilterViewDemo;
			};
			name = Debug;
		};
		8E161B6E1FBD7AF900465DB0 /* Release */ = {
			isa = XCBuildConfiguration;
			buildSettings = {
				CODE_SIGN_STYLE = Automatic;
				DEVELOPMENT_TEAM = 3G8D9ZSW4H;
				INFOPLIST_FILE = STFilterViewDemoUITests/Info.plist;
				LD_RUNPATH_SEARCH_PATHS = "$(inherited) @executable_path/Frameworks @loader_path/Frameworks";
				PRODUCT_BUNDLE_IDENTIFIER = com.huifenqi.brokerapps.STFilterViewDemoUITests;
				PRODUCT_NAME = "$(TARGET_NAME)";
				TARGETED_DEVICE_FAMILY = "1,2";
				TEST_TARGET_NAME = STFilterViewDemo;
			};
			name = Release;
		};
/* End XCBuildConfiguration section */

/* Begin XCConfigurationList section */
		8E161B351FBD7AF900465DB0 /* Build configuration list for PBXProject "STFilterViewDemo" */ = {
			isa = XCConfigurationList;
			buildConfigurations = (
				8E161B641FBD7AF900465DB0 /* Debug */,
				8E161B651FBD7AF900465DB0 /* Release */,
			);
			defaultConfigurationIsVisible = 0;
			defaultConfigurationName = Release;
		};
		8E161B661FBD7AF900465DB0 /* Build configuration list for PBXNativeTarget "STFilterViewDemo" */ = {
			isa = XCConfigurationList;
			buildConfigurations = (
				8E161B671FBD7AF900465DB0 /* Debug */,
				8E161B681FBD7AF900465DB0 /* Release */,
			);
			defaultConfigurationIsVisible = 0;
			defaultConfigurationName = Release;
		};
		8E161B691FBD7AF900465DB0 /* Build configuration list for PBXNativeTarget "STFilterViewDemoTests" */ = {
			isa = XCConfigurationList;
			buildConfigurations = (
				8E161B6A1FBD7AF900465DB0 /* Debug */,
				8E161B6B1FBD7AF900465DB0 /* Release */,
			);
			defaultConfigurationIsVisible = 0;
			defaultConfigurationName = Release;
		};
		8E161B6C1FBD7AF900465DB0 /* Build configuration list for PBXNativeTarget "STFilterViewDemoUITests" */ = {
			isa = XCConfigurationList;
			buildConfigurations = (
				8E161B6D1FBD7AF900465DB0 /* Debug */,
				8E161B6E1FBD7AF900465DB0 /* Release */,
			);
			defaultConfigurationIsVisible = 0;
			defaultConfigurationName = Release;
		};
/* End XCConfigurationList section */
	};
	rootObject = 8E161B321FBD7AF900465DB0 /* Project object */;
}
